
Microsoft Visual Studio Solution File, Format Version 12.00
# Visual Studio 15
VisualStudioVersion = 15.0.27703.2035
MinimumVisualStudioVersion = 10.0.40219.1
Project("{FAE04EC0-301F-11D3-BF4B-00C04F79EFBC}") = "MadLibs", "MadLibs\MadLibs.csproj", "{1CCF2B28-D8AF-4F79-87B7-5F50F7649896}"
EndProject
Global
	GlobalSection(SolutionConfigurationPlatforms) = preSolution
		Debug|Any CPU = Debug|Any CPU
		Release|Any CPU = Release|Any CPU
	EndGlobalSection
	GlobalSection(ProjectConfigurationPlatforms) = postSolution
		{1CCF2B28-D8AF-4F79-87B7-5F50F7649896}.Debug|Any CPU.ActiveCfg = Debug|Any CPU
		{1CCF2B28-D8AF-4F79-87B7-5F50F7649896}.Debug|Any CPU.Build.0 = Debug|Any CPU
		{1CCF2B28-D8AF-4F79-87B7-5F50F7649896}.Release|Any CPU.ActiveCfg = Release|Any CPU
		{1CCF2B28-D8AF-4F79-87B7-5F50F7649896}.Release|Any CPU.Build.0 = Release|Any CPU
	EndGlobalSection
	GlobalSection(SolutionProperties) = preSolution
		HideSolutionNode = FALSE
	EndGlobalSection
	GlobalSection(ExtensibilityGlobals) = postSolution
		SolutionGuid = {3B0566DA-56A7-4188-B3C3-76BE8B234DF6}
	EndGlobalSection
EndGlobal
