
Microsoft Visual Studio Solution File, Format Version 12.00
# Visual Studio 15
VisualStudioVersion = 15.0.27703.2035
MinimumVisualStudioVersion = 10.0.40219.1
Project("{FAE04EC0-301F-11D3-BF4B-00C04F79EFBC}") = "ProjectedRaisesInteractive", "ProjectedRaisesInteractive\ProjectedRaisesInteractive.csproj", "{7142122C-4F8F-4D9A-866F-D978E403BC13}"
EndProject
Global
	GlobalSection(SolutionConfigurationPlatforms) = preSolution
		Debug|Any CPU = Debug|Any CPU
		Release|Any CPU = Release|Any CPU
	EndGlobalSection
	GlobalSection(ProjectConfigurationPlatforms) = postSolution
		{7142122C-4F8F-4D9A-866F-D978E403BC13}.Debug|Any CPU.ActiveCfg = Debug|Any CPU
		{7142122C-4F8F-4D9A-866F-D978E403BC13}.Debug|Any CPU.Build.0 = Debug|Any CPU
		{7142122C-4F8F-4D9A-866F-D978E403BC13}.Release|Any CPU.ActiveCfg = Release|Any CPU
		{7142122C-4F8F-4D9A-866F-D978E403BC13}.Release|Any CPU.Build.0 = Release|Any CPU
	EndGlobalSection
	GlobalSection(SolutionProperties) = preSolution
		HideSolutionNode = FALSE
	EndGlobalSection
	GlobalSection(ExtensibilityGlobals) = postSolution
		SolutionGuid = {3E9596F4-01C4-4DB4-BB47-71874C42B7D2}
	EndGlobalSection
EndGlobal
