
Microsoft Visual Studio Solution File, Format Version 12.00
# Visual Studio 15
VisualStudioVersion = 15.0.27703.2035
MinimumVisualStudioVersion = 10.0.40219.1
Project("{FAE04EC0-301F-11D3-BF4B-00C04F79EFBC}") = "InteractiveSalestax", "InteractiveSalestax\InteractiveSalestax.csproj", "{AE1CE6C0-A3AA-4547-A5D1-D4D61A601FAD}"
EndProject
Global
	GlobalSection(SolutionConfigurationPlatforms) = preSolution
		Debug|Any CPU = Debug|Any CPU
		Release|Any CPU = Release|Any CPU
	EndGlobalSection
	GlobalSection(ProjectConfigurationPlatforms) = postSolution
		{AE1CE6C0-A3AA-4547-A5D1-D4D61A601FAD}.Debug|Any CPU.ActiveCfg = Debug|Any CPU
		{AE1CE6C0-A3AA-4547-A5D1-D4D61A601FAD}.Debug|Any CPU.Build.0 = Debug|Any CPU
		{AE1CE6C0-A3AA-4547-A5D1-D4D61A601FAD}.Release|Any CPU.ActiveCfg = Release|Any CPU
		{AE1CE6C0-A3AA-4547-A5D1-D4D61A601FAD}.Release|Any CPU.Build.0 = Release|Any CPU
	EndGlobalSection
	GlobalSection(SolutionProperties) = preSolution
		HideSolutionNode = FALSE
	EndGlobalSection
	GlobalSection(ExtensibilityGlobals) = postSolution
		SolutionGuid = {F06BAAB0-5A4E-41B3-924D-E8EE8364C679}
	EndGlobalSection
EndGlobal
